
Microsoft Visual Studio Solution File, Format Version 12.00
# Visual Studio Version 17
VisualStudioVersion = 17.4.33213.308
MinimumVisualStudioVersion = 10.0.40219.1
Project("{2150E333-8FDC-42A3-9474-1A3956D46DE8}") = "Service", "Service", "{3D3A4FFB-7E23-48DB-91D7-E6C29681BFCB}"
EndProject
Project("{2150E333-8FDC-42A3-9474-1A3956D46DE8}") = "Domain", "Domain", "{38FA817A-80AE-4E30-969E-F1FA7E8DEE52}"
EndProject
Project("{2150E333-8FDC-42A3-9474-1A3956D46DE8}") = "Application", "Application", "{487A486B-4BDD-4214-BD0C-37E44AD933B5}"
EndProject
Project("{2150E333-8FDC-42A3-9474-1A3956D46DE8}") = "Repository", "Repository", "{6828EAA6-43A9-427B-AF8B-6386C3FF3BAC}"
EndProject
Project("{2150E333-8FDC-42A3-9474-1A3956D46DE8}") = "Infrastructure", "Infrastructure", "{0371D3D5-AADF-45CA-A88F-FBD0F6488252}"
EndProject
Project("{2150E333-8FDC-42A3-9474-1A3956D46DE8}") = "Registration.API", "Registration.API", "{AA46E318-283E-4896-A927-A137A8BF8595}"
EndProject
Project("{2150E333-8FDC-42A3-9474-1A3956D46DE8}") = "Itens de Solução", "Itens de Solução", "{6595EA70-E381-4A77-89BE-D0D32C357217}"
	ProjectSection(SolutionItems) = preProject
		initialScript.sql = initialScript.sql
	EndProjectSection
EndProject
Project("{9A19103F-16F7-4668-BE54-9A1E7A4F7556}") = "Registration.API", "src\Application\Registration.API\Registration.API.csproj", "{3527C8A1-9F2D-4CC0-B239-04E191B7456A}"
EndProject
Project("{9A19103F-16F7-4668-BE54-9A1E7A4F7556}") = "Registration.CentralPackages", "src\Domain\Registration.CentralPackages\Registration.CentralPackages.csproj", "{FAD0C1F4-C40D-40A2-AC4D-C77F1B34EE45}"
EndProject
Project("{9A19103F-16F7-4668-BE54-9A1E7A4F7556}") = "Registration.DomainBase", "src\Domain\Registration.DomainBase\Registration.DomainBase.csproj", "{26DECA6E-1EF3-44CD-9614-B943D71CA9DC}"
EndProject
Project("{9A19103F-16F7-4668-BE54-9A1E7A4F7556}") = "Registration.DomainCore", "src\Domain\Registration.DomainCore\Registration.DomainCore.csproj", "{F4918D3B-1A98-4E11-91E8-0166E933FC3C}"
EndProject
Project("{9A19103F-16F7-4668-BE54-9A1E7A4F7556}") = "Registration.Infrastructure", "src\Infrastructure\Registration.Infrastructure\Registration.Infrastructure.csproj", "{5D8F6BAC-B6A7-450D-B0D2-F54F92AD8BCA}"
EndProject
Project("{9A19103F-16F7-4668-BE54-9A1E7A4F7556}") = "Registration.Resources", "src\Infrastructure\Registration.Resources\Registration.Resources.csproj", "{11AF0C10-52CA-4341-BD67-5499FC06BEEC}"
EndProject
Project("{9A19103F-16F7-4668-BE54-9A1E7A4F7556}") = "Registration.Repository", "src\Repository\Registration.Repository\Registration.Repository.csproj", "{CFBBA59F-35FD-4212-A39D-184F95387657}"
EndProject
Project("{9A19103F-16F7-4668-BE54-9A1E7A4F7556}") = "MessageBroker", "src\Service\MessageBroker\MessageBroker.csproj", "{71A17354-A38F-4346-8ED6-951ED1293FC6}"
EndProject
Project("{9A19103F-16F7-4668-BE54-9A1E7A4F7556}") = "Registration.DependencyInjection", "src\Service\Registration.DependencyInjection\Registration.DependencyInjection.csproj", "{D30FF368-4216-4E86-972A-D3BC483BBD14}"
EndProject
Project("{9A19103F-16F7-4668-BE54-9A1E7A4F7556}") = "Registration.Handlers", "src\Service\Registration.Handlers\Registration.Handlers.csproj", "{6A0F0603-F656-4428-9159-52D5E3AA93A3}"
EndProject
Project("{9A19103F-16F7-4668-BE54-9A1E7A4F7556}") = "Registration.Mapper", "src\Service\Registration.Mapper\Registration.Mapper.csproj", "{6E322135-64B4-4821-A899-347DE7048222}"
EndProject
Project("{2150E333-8FDC-42A3-9474-1A3956D46DE8}") = "Test", "Test", "{097130F7-5A0D-469C-8898-07B2FADA5F58}"
EndProject
Project("{FAE04EC0-301F-11D3-BF4B-00C04F79EFBC}") = "HandlersTest", "HandlersTest\HandlersTest.csproj", "{1051CB8E-0656-463B-A0AE-A75C62257391}"
EndProject
Global
	GlobalSection(SolutionConfigurationPlatforms) = preSolution
		Debug|Any CPU = Debug|Any CPU
		Release|Any CPU = Release|Any CPU
	EndGlobalSection
	GlobalSection(ProjectConfigurationPlatforms) = postSolution
		{3527C8A1-9F2D-4CC0-B239-04E191B7456A}.Debug|Any CPU.ActiveCfg = Debug|Any CPU
		{3527C8A1-9F2D-4CC0-B239-04E191B7456A}.Debug|Any CPU.Build.0 = Debug|Any CPU
		{3527C8A1-9F2D-4CC0-B239-04E191B7456A}.Release|Any CPU.ActiveCfg = Release|Any CPU
		{3527C8A1-9F2D-4CC0-B239-04E191B7456A}.Release|Any CPU.Build.0 = Release|Any CPU
		{FAD0C1F4-C40D-40A2-AC4D-C77F1B34EE45}.Debug|Any CPU.ActiveCfg = Debug|Any CPU
		{FAD0C1F4-C40D-40A2-AC4D-C77F1B34EE45}.Debug|Any CPU.Build.0 = Debug|Any CPU
		{FAD0C1F4-C40D-40A2-AC4D-C77F1B34EE45}.Release|Any CPU.ActiveCfg = Release|Any CPU
		{FAD0C1F4-C40D-40A2-AC4D-C77F1B34EE45}.Release|Any CPU.Build.0 = Release|Any CPU
		{26DECA6E-1EF3-44CD-9614-B943D71CA9DC}.Debug|Any CPU.ActiveCfg = Debug|Any CPU
		{26DECA6E-1EF3-44CD-9614-B943D71CA9DC}.Debug|Any CPU.Build.0 = Debug|Any CPU
		{26DECA6E-1EF3-44CD-9614-B943D71CA9DC}.Release|Any CPU.ActiveCfg = Release|Any CPU
		{26DECA6E-1EF3-44CD-9614-B943D71CA9DC}.Release|Any CPU.Build.0 = Release|Any CPU
		{F4918D3B-1A98-4E11-91E8-0166E933FC3C}.Debug|Any CPU.ActiveCfg = Debug|Any CPU
		{F4918D3B-1A98-4E11-91E8-0166E933FC3C}.Debug|Any CPU.Build.0 = Debug|Any CPU
		{F4918D3B-1A98-4E11-91E8-0166E933FC3C}.Release|Any CPU.ActiveCfg = Release|Any CPU
		{F4918D3B-1A98-4E11-91E8-0166E933FC3C}.Release|Any CPU.Build.0 = Release|Any CPU
		{5D8F6BAC-B6A7-450D-B0D2-F54F92AD8BCA}.Debug|Any CPU.ActiveCfg = Debug|Any CPU
		{5D8F6BAC-B6A7-450D-B0D2-F54F92AD8BCA}.Debug|Any CPU.Build.0 = Debug|Any CPU
		{5D8F6BAC-B6A7-450D-B0D2-F54F92AD8BCA}.Release|Any CPU.ActiveCfg = Release|Any CPU
		{5D8F6BAC-B6A7-450D-B0D2-F54F92AD8BCA}.Release|Any CPU.Build.0 = Release|Any CPU
		{11AF0C10-52CA-4341-BD67-5499FC06BEEC}.Debug|Any CPU.ActiveCfg = Debug|Any CPU
		{11AF0C10-52CA-4341-BD67-5499FC06BEEC}.Debug|Any CPU.Build.0 = Debug|Any CPU
		{11AF0C10-52CA-4341-BD67-5499FC06BEEC}.Release|Any CPU.ActiveCfg = Release|Any CPU
		{11AF0C10-52CA-4341-BD67-5499FC06BEEC}.Release|Any CPU.Build.0 = Release|Any CPU
		{CFBBA59F-35FD-4212-A39D-184F95387657}.Debug|Any CPU.ActiveCfg = Debug|Any CPU
		{CFBBA59F-35FD-4212-A39D-184F95387657}.Debug|Any CPU.Build.0 = Debug|Any CPU
		{CFBBA59F-35FD-4212-A39D-184F95387657}.Release|Any CPU.ActiveCfg = Release|Any CPU
		{CFBBA59F-35FD-4212-A39D-184F95387657}.Release|Any CPU.Build.0 = Release|Any CPU
		{71A17354-A38F-4346-8ED6-951ED1293FC6}.Debug|Any CPU.ActiveCfg = Debug|Any CPU
		{71A17354-A38F-4346-8ED6-951ED1293FC6}.Debug|Any CPU.Build.0 = Debug|Any CPU
		{71A17354-A38F-4346-8ED6-951ED1293FC6}.Release|Any CPU.ActiveCfg = Release|Any CPU
		{71A17354-A38F-4346-8ED6-951ED1293FC6}.Release|Any CPU.Build.0 = Release|Any CPU
		{D30FF368-4216-4E86-972A-D3BC483BBD14}.Debug|Any CPU.ActiveCfg = Debug|Any CPU
		{D30FF368-4216-4E86-972A-D3BC483BBD14}.Debug|Any CPU.Build.0 = Debug|Any CPU
		{D30FF368-4216-4E86-972A-D3BC483BBD14}.Release|Any CPU.ActiveCfg = Release|Any CPU
		{D30FF368-4216-4E86-972A-D3BC483BBD14}.Release|Any CPU.Build.0 = Release|Any CPU
		{6A0F0603-F656-4428-9159-52D5E3AA93A3}.Debug|Any CPU.ActiveCfg = Debug|Any CPU
		{6A0F0603-F656-4428-9159-52D5E3AA93A3}.Debug|Any CPU.Build.0 = Debug|Any CPU
		{6A0F0603-F656-4428-9159-52D5E3AA93A3}.Release|Any CPU.ActiveCfg = Release|Any CPU
		{6A0F0603-F656-4428-9159-52D5E3AA93A3}.Release|Any CPU.Build.0 = Release|Any CPU
		{6E322135-64B4-4821-A899-347DE7048222}.Debug|Any CPU.ActiveCfg = Debug|Any CPU
		{6E322135-64B4-4821-A899-347DE7048222}.Debug|Any CPU.Build.0 = Debug|Any CPU
		{6E322135-64B4-4821-A899-347DE7048222}.Release|Any CPU.ActiveCfg = Release|Any CPU
		{6E322135-64B4-4821-A899-347DE7048222}.Release|Any CPU.Build.0 = Release|Any CPU
		{1051CB8E-0656-463B-A0AE-A75C62257391}.Debug|Any CPU.ActiveCfg = Debug|Any CPU
		{1051CB8E-0656-463B-A0AE-A75C62257391}.Debug|Any CPU.Build.0 = Debug|Any CPU
		{1051CB8E-0656-463B-A0AE-A75C62257391}.Release|Any CPU.ActiveCfg = Release|Any CPU
		{1051CB8E-0656-463B-A0AE-A75C62257391}.Release|Any CPU.Build.0 = Release|Any CPU
	EndGlobalSection
	GlobalSection(SolutionProperties) = preSolution
		HideSolutionNode = FALSE
	EndGlobalSection
	GlobalSection(NestedProjects) = preSolution
		{AA46E318-283E-4896-A927-A137A8BF8595} = {487A486B-4BDD-4214-BD0C-37E44AD933B5}
		{3527C8A1-9F2D-4CC0-B239-04E191B7456A} = {AA46E318-283E-4896-A927-A137A8BF8595}
		{FAD0C1F4-C40D-40A2-AC4D-C77F1B34EE45} = {38FA817A-80AE-4E30-969E-F1FA7E8DEE52}
		{26DECA6E-1EF3-44CD-9614-B943D71CA9DC} = {38FA817A-80AE-4E30-969E-F1FA7E8DEE52}
		{F4918D3B-1A98-4E11-91E8-0166E933FC3C} = {38FA817A-80AE-4E30-969E-F1FA7E8DEE52}
		{5D8F6BAC-B6A7-450D-B0D2-F54F92AD8BCA} = {0371D3D5-AADF-45CA-A88F-FBD0F6488252}
		{11AF0C10-52CA-4341-BD67-5499FC06BEEC} = {0371D3D5-AADF-45CA-A88F-FBD0F6488252}
		{CFBBA59F-35FD-4212-A39D-184F95387657} = {6828EAA6-43A9-427B-AF8B-6386C3FF3BAC}
		{71A17354-A38F-4346-8ED6-951ED1293FC6} = {3D3A4FFB-7E23-48DB-91D7-E6C29681BFCB}
		{D30FF368-4216-4E86-972A-D3BC483BBD14} = {3D3A4FFB-7E23-48DB-91D7-E6C29681BFCB}
		{6A0F0603-F656-4428-9159-52D5E3AA93A3} = {3D3A4FFB-7E23-48DB-91D7-E6C29681BFCB}
		{6E322135-64B4-4821-A899-347DE7048222} = {3D3A4FFB-7E23-48DB-91D7-E6C29681BFCB}
		{1051CB8E-0656-463B-A0AE-A75C62257391} = {097130F7-5A0D-469C-8898-07B2FADA5F58}
	EndGlobalSection
	GlobalSection(ExtensibilityGlobals) = postSolution
		SolutionGuid = {CACED6E3-CDBD-401D-B2FC-A43014FD4F60}
	EndGlobalSection
EndGlobal
