
Microsoft Visual Studio Solution File, Format Version 12.00
# Visual Studio Version 17
VisualStudioVersion = 17.4.33213.308
MinimumVisualStudioVersion = 10.0.40219.1
Project("{2150E333-8FDC-42A3-9474-1A3956D46DE8}") = "Service", "Service", "{3D3A4FFB-7E23-48DB-91D7-E6C29681BFCB}"
EndProject
Project("{2150E333-8FDC-42A3-9474-1A3956D46DE8}") = "Domain", "Domain", "{38FA817A-80AE-4E30-969E-F1FA7E8DEE52}"
EndProject
Project("{2150E333-8FDC-42A3-9474-1A3956D46DE8}") = "Application", "Application", "{487A486B-4BDD-4214-BD0C-37E44AD933B5}"
EndProject
Project("{2150E333-8FDC-42A3-9474-1A3956D46DE8}") = "Repository", "Repository", "{6828EAA6-43A9-427B-AF8B-6386C3FF3BAC}"
EndProject
Project("{2150E333-8FDC-42A3-9474-1A3956D46DE8}") = "Infrastructure", "Infrastructure", "{0371D3D5-AADF-45CA-A88F-FBD0F6488252}"
EndProject
Project("{2150E333-8FDC-42A3-9474-1A3956D46DE8}") = "Registration.API", "Registration.API", "{AA46E318-283E-4896-A927-A137A8BF8595}"
EndProject
Project("{9A19103F-16F7-4668-BE54-9A1E7A4F7556}") = "Registration.API", "src\Registration.API\Registration.API.csproj", "{DB4F71EE-38E3-4C15-9843-EE4F5E1D11F2}"
EndProject
Project("{9A19103F-16F7-4668-BE54-9A1E7A4F7556}") = "Registration.Handlers", "src\Registration.Handlers\Registration.Handlers.csproj", "{D398A54B-E479-4652-AFA4-AFE5AE19D78A}"
EndProject
Project("{9A19103F-16F7-4668-BE54-9A1E7A4F7556}") = "Registration.Mapper", "src\Registration.Mapper\Registration.Mapper.csproj", "{A356085E-E0E8-4991-9BD7-B33F6A05D669}"
EndProject
Project("{9A19103F-16F7-4668-BE54-9A1E7A4F7556}") = "Registration.Repository", "src\Registration.Repository\Registration.Repository.csproj", "{34B0B218-3DDA-492F-9867-4C88C4DCA36B}"
EndProject
Project("{9A19103F-16F7-4668-BE54-9A1E7A4F7556}") = "Registration.Infrastructure", "src\Registration.Infrastructure\Registration.Infrastructure.csproj", "{B28332B1-4953-41ED-910F-33031F4CA421}"
EndProject
Project("{9A19103F-16F7-4668-BE54-9A1E7A4F7556}") = "Registration.DomainBase", "src\Registration.DomainBase\Registration.DomainBase.csproj", "{5EB70F5C-EE5C-4D4E-BFD6-C3A085D2F489}"
EndProject
Project("{9A19103F-16F7-4668-BE54-9A1E7A4F7556}") = "Registration.DomainCore", "src\Registration.DomainCore\Registration.DomainCore.csproj", "{85CB0C8F-AB1C-4A3A-BA59-4E68351CE490}"
EndProject
Project("{E53339B2-1760-4266-BCC7-CA923CBCF16C}") = "docker-compose", "docker-compose.dcproj", "{4D6B6F7B-6C56-4C4C-A048-08FEC4F225F0}"
EndProject
Global
	GlobalSection(SolutionConfigurationPlatforms) = preSolution
		Debug|Any CPU = Debug|Any CPU
		Release|Any CPU = Release|Any CPU
	EndGlobalSection
	GlobalSection(ProjectConfigurationPlatforms) = postSolution
		{DB4F71EE-38E3-4C15-9843-EE4F5E1D11F2}.Debug|Any CPU.ActiveCfg = Debug|Any CPU
		{DB4F71EE-38E3-4C15-9843-EE4F5E1D11F2}.Debug|Any CPU.Build.0 = Debug|Any CPU
		{DB4F71EE-38E3-4C15-9843-EE4F5E1D11F2}.Release|Any CPU.ActiveCfg = Release|Any CPU
		{DB4F71EE-38E3-4C15-9843-EE4F5E1D11F2}.Release|Any CPU.Build.0 = Release|Any CPU
		{D398A54B-E479-4652-AFA4-AFE5AE19D78A}.Debug|Any CPU.ActiveCfg = Debug|Any CPU
		{D398A54B-E479-4652-AFA4-AFE5AE19D78A}.Debug|Any CPU.Build.0 = Debug|Any CPU
		{D398A54B-E479-4652-AFA4-AFE5AE19D78A}.Release|Any CPU.ActiveCfg = Release|Any CPU
		{D398A54B-E479-4652-AFA4-AFE5AE19D78A}.Release|Any CPU.Build.0 = Release|Any CPU
		{A356085E-E0E8-4991-9BD7-B33F6A05D669}.Debug|Any CPU.ActiveCfg = Debug|Any CPU
		{A356085E-E0E8-4991-9BD7-B33F6A05D669}.Debug|Any CPU.Build.0 = Debug|Any CPU
		{A356085E-E0E8-4991-9BD7-B33F6A05D669}.Release|Any CPU.ActiveCfg = Release|Any CPU
		{A356085E-E0E8-4991-9BD7-B33F6A05D669}.Release|Any CPU.Build.0 = Release|Any CPU
		{34B0B218-3DDA-492F-9867-4C88C4DCA36B}.Debug|Any CPU.ActiveCfg = Debug|Any CPU
		{34B0B218-3DDA-492F-9867-4C88C4DCA36B}.Debug|Any CPU.Build.0 = Debug|Any CPU
		{34B0B218-3DDA-492F-9867-4C88C4DCA36B}.Release|Any CPU.ActiveCfg = Release|Any CPU
		{34B0B218-3DDA-492F-9867-4C88C4DCA36B}.Release|Any CPU.Build.0 = Release|Any CPU
		{B28332B1-4953-41ED-910F-33031F4CA421}.Debug|Any CPU.ActiveCfg = Debug|Any CPU
		{B28332B1-4953-41ED-910F-33031F4CA421}.Debug|Any CPU.Build.0 = Debug|Any CPU
		{B28332B1-4953-41ED-910F-33031F4CA421}.Release|Any CPU.ActiveCfg = Release|Any CPU
		{B28332B1-4953-41ED-910F-33031F4CA421}.Release|Any CPU.Build.0 = Release|Any CPU
		{5EB70F5C-EE5C-4D4E-BFD6-C3A085D2F489}.Debug|Any CPU.ActiveCfg = Debug|Any CPU
		{5EB70F5C-EE5C-4D4E-BFD6-C3A085D2F489}.Debug|Any CPU.Build.0 = Debug|Any CPU
		{5EB70F5C-EE5C-4D4E-BFD6-C3A085D2F489}.Release|Any CPU.ActiveCfg = Release|Any CPU
		{5EB70F5C-EE5C-4D4E-BFD6-C3A085D2F489}.Release|Any CPU.Build.0 = Release|Any CPU
		{85CB0C8F-AB1C-4A3A-BA59-4E68351CE490}.Debug|Any CPU.ActiveCfg = Debug|Any CPU
		{85CB0C8F-AB1C-4A3A-BA59-4E68351CE490}.Debug|Any CPU.Build.0 = Debug|Any CPU
		{85CB0C8F-AB1C-4A3A-BA59-4E68351CE490}.Release|Any CPU.ActiveCfg = Release|Any CPU
		{85CB0C8F-AB1C-4A3A-BA59-4E68351CE490}.Release|Any CPU.Build.0 = Release|Any CPU
		{4D6B6F7B-6C56-4C4C-A048-08FEC4F225F0}.Debug|Any CPU.ActiveCfg = Debug|Any CPU
		{4D6B6F7B-6C56-4C4C-A048-08FEC4F225F0}.Debug|Any CPU.Build.0 = Debug|Any CPU
		{4D6B6F7B-6C56-4C4C-A048-08FEC4F225F0}.Release|Any CPU.ActiveCfg = Release|Any CPU
		{4D6B6F7B-6C56-4C4C-A048-08FEC4F225F0}.Release|Any CPU.Build.0 = Release|Any CPU
	EndGlobalSection
	GlobalSection(SolutionProperties) = preSolution
		HideSolutionNode = FALSE
	EndGlobalSection
	GlobalSection(NestedProjects) = preSolution
		{AA46E318-283E-4896-A927-A137A8BF8595} = {487A486B-4BDD-4214-BD0C-37E44AD933B5}
		{DB4F71EE-38E3-4C15-9843-EE4F5E1D11F2} = {AA46E318-283E-4896-A927-A137A8BF8595}
		{D398A54B-E479-4652-AFA4-AFE5AE19D78A} = {3D3A4FFB-7E23-48DB-91D7-E6C29681BFCB}
		{A356085E-E0E8-4991-9BD7-B33F6A05D669} = {3D3A4FFB-7E23-48DB-91D7-E6C29681BFCB}
		{34B0B218-3DDA-492F-9867-4C88C4DCA36B} = {6828EAA6-43A9-427B-AF8B-6386C3FF3BAC}
		{B28332B1-4953-41ED-910F-33031F4CA421} = {0371D3D5-AADF-45CA-A88F-FBD0F6488252}
		{5EB70F5C-EE5C-4D4E-BFD6-C3A085D2F489} = {38FA817A-80AE-4E30-969E-F1FA7E8DEE52}
		{85CB0C8F-AB1C-4A3A-BA59-4E68351CE490} = {38FA817A-80AE-4E30-969E-F1FA7E8DEE52}
	EndGlobalSection
	GlobalSection(ExtensibilityGlobals) = postSolution
		SolutionGuid = {CACED6E3-CDBD-401D-B2FC-A43014FD4F60}
	EndGlobalSection
EndGlobal
