
Microsoft Visual Studio Solution File, Format Version 12.00
# Visual Studio Version 17
VisualStudioVersion = 17.5.33516.290
MinimumVisualStudioVersion = 10.0.40219.1
Project("{FAE04EC0-301F-11D3-BF4B-00C04F79EFBC}") = "Operations", "Operations.csproj", "{B95576EE-BE8C-4A19-A00C-CC40B0640838}"
EndProject
Global
	GlobalSection(SolutionConfigurationPlatforms) = preSolution
		Debug|Any CPU = Debug|Any CPU
		Release|Any CPU = Release|Any CPU
	EndGlobalSection
	GlobalSection(ProjectConfigurationPlatforms) = postSolution
		{B95576EE-BE8C-4A19-A00C-CC40B0640838}.Debug|Any CPU.ActiveCfg = Debug|Any CPU
		{B95576EE-BE8C-4A19-A00C-CC40B0640838}.Debug|Any CPU.Build.0 = Debug|Any CPU
		{B95576EE-BE8C-4A19-A00C-CC40B0640838}.Release|Any CPU.ActiveCfg = Release|Any CPU
		{B95576EE-BE8C-4A19-A00C-CC40B0640838}.Release|Any CPU.Build.0 = Release|Any CPU
	EndGlobalSection
	GlobalSection(SolutionProperties) = preSolution
		HideSolutionNode = FALSE
	EndGlobalSection
	GlobalSection(ExtensibilityGlobals) = postSolution
		SolutionGuid = {446AB3C7-B40A-4D86-8153-D16A476D1A7D}
	EndGlobalSection
EndGlobal
