
Microsoft Visual Studio Solution File, Format Version 12.00
# Visual Studio Version 17
VisualStudioVersion = 17.0.31903.59
MinimumVisualStudioVersion = 10.0.40219.1
Project("{FAE04EC0-301F-11D3-BF4B-00C04F79EFBC}") = "MonthlyClosing", "MonthlyClosing\src\MonthlyClosing\MonthlyClosing.csproj", "{A1D62D63-854E-46F2-A2C3-004EA6E405BD}"
EndProject
Project("{9A19103F-16F7-4668-BE54-9A1E7A4F7556}") = "MonthlyClosing.Tests", "MonthlyClosing\test\MonthlyClosing.Tests\MonthlyClosing.Tests.csproj", "{14B0F931-BE2A-4636-8C3F-C178937B8FC0}"
EndProject
Global
	GlobalSection(SolutionConfigurationPlatforms) = preSolution
		Debug|Any CPU = Debug|Any CPU
		Release|Any CPU = Release|Any CPU
	EndGlobalSection
	GlobalSection(ProjectConfigurationPlatforms) = postSolution
		{A1D62D63-854E-46F2-A2C3-004EA6E405BD}.Debug|Any CPU.ActiveCfg = Debug|Any CPU
		{A1D62D63-854E-46F2-A2C3-004EA6E405BD}.Debug|Any CPU.Build.0 = Debug|Any CPU
		{A1D62D63-854E-46F2-A2C3-004EA6E405BD}.Release|Any CPU.ActiveCfg = Release|Any CPU
		{A1D62D63-854E-46F2-A2C3-004EA6E405BD}.Release|Any CPU.Build.0 = Release|Any CPU
		{14B0F931-BE2A-4636-8C3F-C178937B8FC0}.Debug|Any CPU.ActiveCfg = Debug|Any CPU
		{14B0F931-BE2A-4636-8C3F-C178937B8FC0}.Debug|Any CPU.Build.0 = Debug|Any CPU
		{14B0F931-BE2A-4636-8C3F-C178937B8FC0}.Release|Any CPU.ActiveCfg = Release|Any CPU
		{14B0F931-BE2A-4636-8C3F-C178937B8FC0}.Release|Any CPU.Build.0 = Release|Any CPU
	EndGlobalSection
	GlobalSection(SolutionProperties) = preSolution
		HideSolutionNode = FALSE
	EndGlobalSection
	GlobalSection(ExtensibilityGlobals) = postSolution
		SolutionGuid = {DF0501C1-6687-4D6E-9B51-8C8B709CA581}
	EndGlobalSection
EndGlobal
